
Microsoft Visual Studio Solution File, Format Version 12.00
# Visual Studio Version 17
VisualStudioVersion = 17.0.32014.148
MinimumVisualStudioVersion = 10.0.40219.1
Project("{8BC9CEB8-8B4A-11D0-8D11-00A0C91BC942}") = "CW(24.04)", "CW(24.04)\CW(24.04).vcxproj", "{EA054501-4089-466E-96A1-172C22F8FBC8}"
EndProject
Global
	GlobalSection(SolutionConfigurationPlatforms) = preSolution
		Debug|x64 = Debug|x64
		Debug|x86 = Debug|x86
		Release|x64 = Release|x64
		Release|x86 = Release|x86
	EndGlobalSection
	GlobalSection(ProjectConfigurationPlatforms) = postSolution
		{EA054501-4089-466E-96A1-172C22F8FBC8}.Debug|x64.ActiveCfg = Debug|x64
		{EA054501-4089-466E-96A1-172C22F8FBC8}.Debug|x64.Build.0 = Debug|x64
		{EA054501-4089-466E-96A1-172C22F8FBC8}.Debug|x86.ActiveCfg = Debug|Win32
		{EA054501-4089-466E-96A1-172C22F8FBC8}.Debug|x86.Build.0 = Debug|Win32
		{EA054501-4089-466E-96A1-172C22F8FBC8}.Release|x64.ActiveCfg = Release|x64
		{EA054501-4089-466E-96A1-172C22F8FBC8}.Release|x64.Build.0 = Release|x64
		{EA054501-4089-466E-96A1-172C22F8FBC8}.Release|x86.ActiveCfg = Release|Win32
		{EA054501-4089-466E-96A1-172C22F8FBC8}.Release|x86.Build.0 = Release|Win32
	EndGlobalSection
	GlobalSection(SolutionProperties) = preSolution
		HideSolutionNode = FALSE
	EndGlobalSection
	GlobalSection(ExtensibilityGlobals) = postSolution
		SolutionGuid = {AD5DC0E0-0595-492D-A37A-3E7219D18DC5}
	EndGlobalSection
EndGlobal
